
Microsoft Visual Studio Solution File, Format Version 12.00
# Visual Studio 15
VisualStudioVersion = 15.0.27428.2037
MinimumVisualStudioVersion = 10.0.40219.1
Project("{FAE04EC0-301F-11D3-BF4B-00C04F79EFBC}") = "04.ThreeColumn", "04.ThreeColumn\04.ThreeColumn.csproj", "{76A3B575-F722-45D3-9C77-A411CFDF2BEB}"
EndProject
Project("{FAE04EC0-301F-11D3-BF4B-00C04F79EFBC}") = "05.RemainderOfDivision", "05.RemainderOfDivision\05.RemainderOfDivision.csproj", "{51E2B7C7-382D-464E-9949-B0F4023EA34A}"
EndProject
Project("{FAE04EC0-301F-11D3-BF4B-00C04F79EFBC}") = "06.CompareWithoutIf", "06.CompareWithoutIf\06.CompareWithoutIf.csproj", "{E218815D-9D01-4E47-8157-E3C9BAD9DE92}"
EndProject
Project("{FAE04EC0-301F-11D3-BF4B-00C04F79EFBC}") = "07.SumOfFiveIntegersWithErrorMessage", "07.SumOfFiveIntegersWithErrorMessage\07.SumOfFiveIntegersWithErrorMessage.csproj", "{46C8DA05-2432-46E2-98B7-2D904AE9158B}"
EndProject
Project("{FAE04EC0-301F-11D3-BF4B-00C04F79EFBC}") = "03.FirmData", "03.FirmData\03.FirmData.csproj", "{14488308-7F97-480E-A0C6-2B50412EF05C}"
EndProject
Global
	GlobalSection(SolutionConfigurationPlatforms) = preSolution
		Debug|Any CPU = Debug|Any CPU
		Release|Any CPU = Release|Any CPU
	EndGlobalSection
	GlobalSection(ProjectConfigurationPlatforms) = postSolution
		{76A3B575-F722-45D3-9C77-A411CFDF2BEB}.Debug|Any CPU.ActiveCfg = Debug|Any CPU
		{76A3B575-F722-45D3-9C77-A411CFDF2BEB}.Debug|Any CPU.Build.0 = Debug|Any CPU
		{76A3B575-F722-45D3-9C77-A411CFDF2BEB}.Release|Any CPU.ActiveCfg = Release|Any CPU
		{76A3B575-F722-45D3-9C77-A411CFDF2BEB}.Release|Any CPU.Build.0 = Release|Any CPU
		{51E2B7C7-382D-464E-9949-B0F4023EA34A}.Debug|Any CPU.ActiveCfg = Debug|Any CPU
		{51E2B7C7-382D-464E-9949-B0F4023EA34A}.Debug|Any CPU.Build.0 = Debug|Any CPU
		{51E2B7C7-382D-464E-9949-B0F4023EA34A}.Release|Any CPU.ActiveCfg = Release|Any CPU
		{51E2B7C7-382D-464E-9949-B0F4023EA34A}.Release|Any CPU.Build.0 = Release|Any CPU
		{E218815D-9D01-4E47-8157-E3C9BAD9DE92}.Debug|Any CPU.ActiveCfg = Debug|Any CPU
		{E218815D-9D01-4E47-8157-E3C9BAD9DE92}.Debug|Any CPU.Build.0 = Debug|Any CPU
		{E218815D-9D01-4E47-8157-E3C9BAD9DE92}.Release|Any CPU.ActiveCfg = Release|Any CPU
		{E218815D-9D01-4E47-8157-E3C9BAD9DE92}.Release|Any CPU.Build.0 = Release|Any CPU
		{46C8DA05-2432-46E2-98B7-2D904AE9158B}.Debug|Any CPU.ActiveCfg = Debug|Any CPU
		{46C8DA05-2432-46E2-98B7-2D904AE9158B}.Debug|Any CPU.Build.0 = Debug|Any CPU
		{46C8DA05-2432-46E2-98B7-2D904AE9158B}.Release|Any CPU.ActiveCfg = Release|Any CPU
		{46C8DA05-2432-46E2-98B7-2D904AE9158B}.Release|Any CPU.Build.0 = Release|Any CPU
		{14488308-7F97-480E-A0C6-2B50412EF05C}.Debug|Any CPU.ActiveCfg = Debug|Any CPU
		{14488308-7F97-480E-A0C6-2B50412EF05C}.Debug|Any CPU.Build.0 = Debug|Any CPU
		{14488308-7F97-480E-A0C6-2B50412EF05C}.Release|Any CPU.ActiveCfg = Release|Any CPU
		{14488308-7F97-480E-A0C6-2B50412EF05C}.Release|Any CPU.Build.0 = Release|Any CPU
	EndGlobalSection
	GlobalSection(SolutionProperties) = preSolution
		HideSolutionNode = FALSE
	EndGlobalSection
	GlobalSection(ExtensibilityGlobals) = postSolution
		SolutionGuid = {FA72C010-E66A-4704-A745-40518D6CED7F}
	EndGlobalSection
EndGlobal
